
Microsoft Visual Studio Solution File, Format Version 12.00
# Visual Studio Version 16
VisualStudioVersion = 16.0.30517.126
MinimumVisualStudioVersion = 10.0.40219.1
Project("{FAE04EC0-301F-11D3-BF4B-00C04F79EFBC}") = "LenfLock", "LenfLock\LenfLock.csproj", "{0D3AB6C4-5D49-4802-AEE2-522CB943B19A}"
EndProject
Global
	GlobalSection(SolutionConfigurationPlatforms) = preSolution
		Debug|Any CPU = Debug|Any CPU
		Release|Any CPU = Release|Any CPU
	EndGlobalSection
	GlobalSection(ProjectConfigurationPlatforms) = postSolution
		{0D3AB6C4-5D49-4802-AEE2-522CB943B19A}.Debug|Any CPU.ActiveCfg = Debug|Any CPU
		{0D3AB6C4-5D49-4802-AEE2-522CB943B19A}.Debug|Any CPU.Build.0 = Debug|Any CPU
		{0D3AB6C4-5D49-4802-AEE2-522CB943B19A}.Release|Any CPU.ActiveCfg = Release|Any CPU
		{0D3AB6C4-5D49-4802-AEE2-522CB943B19A}.Release|Any CPU.Build.0 = Release|Any CPU
	EndGlobalSection
	GlobalSection(SolutionProperties) = preSolution
		HideSolutionNode = FALSE
	EndGlobalSection
	GlobalSection(ExtensibilityGlobals) = postSolution
		SolutionGuid = {8810AFF9-AF00-4AE4-96F8-BE6292A45EE6}
	EndGlobalSection
EndGlobal
